
Microsoft Visual Studio Solution File, Format Version 12.00
# Visual Studio 2013
VisualStudioVersion = 12.0.40629.0
MinimumVisualStudioVersion = 10.0.40219.1
Project("{FAE04EC0-301F-11D3-BF4B-00C04F79EFBC}") = "GameDataManager", "GameDataManager\GameDataManager.csproj", "{861B4AA7-4D6C-4B7D-B1CB-2F7A061E0F0C}"
EndProject
Project("{FAE04EC0-301F-11D3-BF4B-00C04F79EFBC}") = "ScriptingEngine", "ScriptingEngine\ScriptingEngine.csproj", "{0902AC74-4E0A-4D6E-81E6-83D42481A9BA}"
EndProject
Project("{FAE04EC0-301F-11D3-BF4B-00C04F79EFBC}") = "GameDataManagerTests", "GameDataManagerTests\GameDataManagerTests.csproj", "{E8F7732A-6F73-48AD-A29D-CE861FC605BE}"
EndProject
Project("{FAE04EC0-301F-11D3-BF4B-00C04F79EFBC}") = "ScriptingEngineTests", "ScriptingEngineTests\ScriptingEngineTests.csproj", "{D0A55E49-9FF2-4431-B25F-D6460B989950}"
EndProject
Project("{FAE04EC0-301F-11D3-BF4B-00C04F79EFBC}") = "GameDataStorageLayer", "GameDataStorageLayer\GameDataStorageLayer.csproj", "{241F00BB-9458-4BAA-910E-D9A0612C3984}"
EndProject
Project("{FAE04EC0-301F-11D3-BF4B-00C04F79EFBC}") = "GameDataStorageLayerTests", "GameDataStorageLayerTests\GameDataStorageLayerTests.csproj", "{44FE3B1A-77AF-488B-9C9F-23477DCD31F4}"
EndProject
Project("{FAE04EC0-301F-11D3-BF4B-00C04F79EFBC}") = "CommEngine", "CommEngine\CommEngine.csproj", "{E46EA29F-6DD7-4375-8DDE-2BFE976A86A9}"
EndProject
Project("{FAE04EC0-301F-11D3-BF4B-00C04F79EFBC}") = "ClientIdentity", "ClientIdentity\ClientIdentity.csproj", "{F49A70EC-EA3E-452C-B515-1BC02B6EE5F7}"
EndProject
Project("{FAE04EC0-301F-11D3-BF4B-00C04F79EFBC}") = "ClientIdentityTests", "ClientIdentityTests\ClientIdentityTests.csproj", "{1384AB46-DAB5-40F3-A334-4466C88D109B}"
EndProject
Project("{FAE04EC0-301F-11D3-BF4B-00C04F79EFBC}") = "TestDriver", "TestDriver\TestDriver.csproj", "{492C0E61-8D2E-4C8F-B70D-B9E388CDAB66}"
EndProject
Project("{FAE04EC0-301F-11D3-BF4B-00C04F79EFBC}") = "PrototypeDataImpl", "PrototypeDataImpl\PrototypeDataImpl.csproj", "{CE0A40A2-ADB3-4B21-967F-CD95EFD0EA21}"
EndProject
Global
	GlobalSection(SolutionConfigurationPlatforms) = preSolution
		Debug|Any CPU = Debug|Any CPU
		Release|Any CPU = Release|Any CPU
	EndGlobalSection
	GlobalSection(ProjectConfigurationPlatforms) = postSolution
		{861B4AA7-4D6C-4B7D-B1CB-2F7A061E0F0C}.Debug|Any CPU.ActiveCfg = Debug|Any CPU
		{861B4AA7-4D6C-4B7D-B1CB-2F7A061E0F0C}.Debug|Any CPU.Build.0 = Debug|Any CPU
		{861B4AA7-4D6C-4B7D-B1CB-2F7A061E0F0C}.Release|Any CPU.ActiveCfg = Release|Any CPU
		{861B4AA7-4D6C-4B7D-B1CB-2F7A061E0F0C}.Release|Any CPU.Build.0 = Release|Any CPU
		{0902AC74-4E0A-4D6E-81E6-83D42481A9BA}.Debug|Any CPU.ActiveCfg = Debug|Any CPU
		{0902AC74-4E0A-4D6E-81E6-83D42481A9BA}.Debug|Any CPU.Build.0 = Debug|Any CPU
		{0902AC74-4E0A-4D6E-81E6-83D42481A9BA}.Release|Any CPU.ActiveCfg = Release|Any CPU
		{0902AC74-4E0A-4D6E-81E6-83D42481A9BA}.Release|Any CPU.Build.0 = Release|Any CPU
		{E8F7732A-6F73-48AD-A29D-CE861FC605BE}.Debug|Any CPU.ActiveCfg = Debug|Any CPU
		{E8F7732A-6F73-48AD-A29D-CE861FC605BE}.Debug|Any CPU.Build.0 = Debug|Any CPU
		{E8F7732A-6F73-48AD-A29D-CE861FC605BE}.Release|Any CPU.ActiveCfg = Release|Any CPU
		{E8F7732A-6F73-48AD-A29D-CE861FC605BE}.Release|Any CPU.Build.0 = Release|Any CPU
		{D0A55E49-9FF2-4431-B25F-D6460B989950}.Debug|Any CPU.ActiveCfg = Debug|Any CPU
		{D0A55E49-9FF2-4431-B25F-D6460B989950}.Debug|Any CPU.Build.0 = Debug|Any CPU
		{D0A55E49-9FF2-4431-B25F-D6460B989950}.Release|Any CPU.ActiveCfg = Release|Any CPU
		{D0A55E49-9FF2-4431-B25F-D6460B989950}.Release|Any CPU.Build.0 = Release|Any CPU
		{241F00BB-9458-4BAA-910E-D9A0612C3984}.Debug|Any CPU.ActiveCfg = Debug|Any CPU
		{241F00BB-9458-4BAA-910E-D9A0612C3984}.Debug|Any CPU.Build.0 = Debug|Any CPU
		{241F00BB-9458-4BAA-910E-D9A0612C3984}.Release|Any CPU.ActiveCfg = Release|Any CPU
		{241F00BB-9458-4BAA-910E-D9A0612C3984}.Release|Any CPU.Build.0 = Release|Any CPU
		{44FE3B1A-77AF-488B-9C9F-23477DCD31F4}.Debug|Any CPU.ActiveCfg = Debug|Any CPU
		{44FE3B1A-77AF-488B-9C9F-23477DCD31F4}.Debug|Any CPU.Build.0 = Debug|Any CPU
		{44FE3B1A-77AF-488B-9C9F-23477DCD31F4}.Release|Any CPU.ActiveCfg = Release|Any CPU
		{44FE3B1A-77AF-488B-9C9F-23477DCD31F4}.Release|Any CPU.Build.0 = Release|Any CPU
		{E46EA29F-6DD7-4375-8DDE-2BFE976A86A9}.Debug|Any CPU.ActiveCfg = Debug|Any CPU
		{E46EA29F-6DD7-4375-8DDE-2BFE976A86A9}.Debug|Any CPU.Build.0 = Debug|Any CPU
		{E46EA29F-6DD7-4375-8DDE-2BFE976A86A9}.Release|Any CPU.ActiveCfg = Release|Any CPU
		{E46EA29F-6DD7-4375-8DDE-2BFE976A86A9}.Release|Any CPU.Build.0 = Release|Any CPU
		{F49A70EC-EA3E-452C-B515-1BC02B6EE5F7}.Debug|Any CPU.ActiveCfg = Debug|Any CPU
		{F49A70EC-EA3E-452C-B515-1BC02B6EE5F7}.Debug|Any CPU.Build.0 = Debug|Any CPU
		{F49A70EC-EA3E-452C-B515-1BC02B6EE5F7}.Release|Any CPU.ActiveCfg = Release|Any CPU
		{F49A70EC-EA3E-452C-B515-1BC02B6EE5F7}.Release|Any CPU.Build.0 = Release|Any CPU
		{1384AB46-DAB5-40F3-A334-4466C88D109B}.Debug|Any CPU.ActiveCfg = Debug|Any CPU
		{1384AB46-DAB5-40F3-A334-4466C88D109B}.Debug|Any CPU.Build.0 = Debug|Any CPU
		{1384AB46-DAB5-40F3-A334-4466C88D109B}.Release|Any CPU.ActiveCfg = Release|Any CPU
		{1384AB46-DAB5-40F3-A334-4466C88D109B}.Release|Any CPU.Build.0 = Release|Any CPU
		{492C0E61-8D2E-4C8F-B70D-B9E388CDAB66}.Debug|Any CPU.ActiveCfg = Debug|Any CPU
		{492C0E61-8D2E-4C8F-B70D-B9E388CDAB66}.Debug|Any CPU.Build.0 = Debug|Any CPU
		{492C0E61-8D2E-4C8F-B70D-B9E388CDAB66}.Release|Any CPU.ActiveCfg = Release|Any CPU
		{492C0E61-8D2E-4C8F-B70D-B9E388CDAB66}.Release|Any CPU.Build.0 = Release|Any CPU
		{CE0A40A2-ADB3-4B21-967F-CD95EFD0EA21}.Debug|Any CPU.ActiveCfg = Debug|Any CPU
		{CE0A40A2-ADB3-4B21-967F-CD95EFD0EA21}.Debug|Any CPU.Build.0 = Debug|Any CPU
		{CE0A40A2-ADB3-4B21-967F-CD95EFD0EA21}.Release|Any CPU.ActiveCfg = Release|Any CPU
		{CE0A40A2-ADB3-4B21-967F-CD95EFD0EA21}.Release|Any CPU.Build.0 = Release|Any CPU
	EndGlobalSection
	GlobalSection(SolutionProperties) = preSolution
		HideSolutionNode = FALSE
	EndGlobalSection
	GlobalSection(Performance) = preSolution
		HasPerformanceSessions = true
	EndGlobalSection
EndGlobal
